
Microsoft Visual Studio Solution File, Format Version 12.00
# Visual Studio Version 16
VisualStudioVersion = 16.0.31727.386
MinimumVisualStudioVersion = 10.0.40219.1
Project("{FAE04EC0-301F-11D3-BF4B-00C04F79EFBC}") = "Payment1", "Payment1\Payment1.csproj", "{0B554F86-A7D3-4894-BCE1-9B3DA7B1FCF8}"
EndProject
Global
	GlobalSection(SolutionConfigurationPlatforms) = preSolution
		Debug|Any CPU = Debug|Any CPU
		Release|Any CPU = Release|Any CPU
	EndGlobalSection
	GlobalSection(ProjectConfigurationPlatforms) = postSolution
		{0B554F86-A7D3-4894-BCE1-9B3DA7B1FCF8}.Debug|Any CPU.ActiveCfg = Debug|Any CPU
		{0B554F86-A7D3-4894-BCE1-9B3DA7B1FCF8}.Debug|Any CPU.Build.0 = Debug|Any CPU
		{0B554F86-A7D3-4894-BCE1-9B3DA7B1FCF8}.Release|Any CPU.ActiveCfg = Release|Any CPU
		{0B554F86-A7D3-4894-BCE1-9B3DA7B1FCF8}.Release|Any CPU.Build.0 = Release|Any CPU
	EndGlobalSection
	GlobalSection(SolutionProperties) = preSolution
		HideSolutionNode = FALSE
	EndGlobalSection
	GlobalSection(ExtensibilityGlobals) = postSolution
		SolutionGuid = {BB8C150C-F333-496C-A945-1C89BE5244D8}
	EndGlobalSection
EndGlobal
